{
  "name": "testies",
  "lockfileVersion": 2,
  "requires": true,
  "packages": {
    "": {
      "dependencies": {
        "fork-corner": "^2.0.1"
      }
    },
    "node_modules/fork-corner": {
      "version": "2.0.1",
      "resolved": "https://registry.npmjs.org/fork-corner/-/fork-corner-2.0.1.tgz",
      "integrity": "sha512-QZcnCPUculIG3E/MxQLmgW1cXQG4/GhPeDLRVhQN36+/NOT3s11aSboyXAFkbC3LMWAegTvb7osPSgmmot2xLQ=="
    }
  },
  "dependencies": {
    "fork-corner": {
      "version": "2.0.1",
      "resolved": "https://registry.npmjs.org/fork-corner/-/fork-corner-2.0.1.tgz",
      "integrity": "sha512-QZcnCPUculIG3E/MxQLmgW1cXQG4/GhPeDLRVhQN36+/NOT3s11aSboyXAFkbC3LMWAegTvb7osPSgmmot2xLQ=="
    }
  }
}
